
Microsoft Visual Studio Solution File, Format Version 12.00
# Visual Studio Version 17
VisualStudioVersion = 17.1.32421.90
MinimumVisualStudioVersion = 10.0.40219.1
Project("{FAE04EC0-301F-11D3-BF4B-00C04F79EFBC}") = "HotelListening.API", "HotelListening.API\HotelListening.API.csproj", "{AB0FF783-FA1A-40B7-9A7B-952CF10B732E}"
EndProject
Global
	GlobalSection(SolutionConfigurationPlatforms) = preSolution
		Debug|Any CPU = Debug|Any CPU
		Release|Any CPU = Release|Any CPU
	EndGlobalSection
	GlobalSection(ProjectConfigurationPlatforms) = postSolution
		{AB0FF783-FA1A-40B7-9A7B-952CF10B732E}.Debug|Any CPU.ActiveCfg = Debug|Any CPU
		{AB0FF783-FA1A-40B7-9A7B-952CF10B732E}.Debug|Any CPU.Build.0 = Debug|Any CPU
		{AB0FF783-FA1A-40B7-9A7B-952CF10B732E}.Release|Any CPU.ActiveCfg = Release|Any CPU
		{AB0FF783-FA1A-40B7-9A7B-952CF10B732E}.Release|Any CPU.Build.0 = Release|Any CPU
	EndGlobalSection
	GlobalSection(SolutionProperties) = preSolution
		HideSolutionNode = FALSE
	EndGlobalSection
	GlobalSection(ExtensibilityGlobals) = postSolution
		SolutionGuid = {FE640204-E612-4054-8B4B-B2840178DC37}
	EndGlobalSection
EndGlobal
